<?xml version="1.0" encoding="UTF-8"?>
<Scheme
   version = "1.3">
   <BuildAction>
      <BuildActionEntries>
         <BuildActionEntry
            buildForRunning = "YES">
            <BuildableReference
               BuildableIdentifier = "primary"
               BlueprintIdentifier = "F8FE699221489E0800EFAAC9"
               BuildableName = "alarm-you-tube.app"
               BlueprintName = "alarm-you-tube"
               ReferencedContainer = "container:alarm-you-tube.xcodeproj">
            </BuildableReference>
         </BuildActionEntry>
      </BuildActionEntries>
   </BuildAction>
   <LaunchAction
      useCustomWorkingDirectory = "NO"
      buildConfiguration = "Debug"
      allowLocationSimulation = "YES">
      <BuildableProductRunnable>
         <BuildableReference
            BuildableIdentifier = "primary"
            BlueprintIdentifier = "F8FE699221489E0800EFAAC9"
            BuildableName = "alarm-you-tube.app"
            BlueprintName = "alarm-you-tube"
            ReferencedContainer = "container:alarm-you-tube.xcodeproj">
         </BuildableReference>
      </BuildableProductRunnable>
   </LaunchAction>
</Scheme>
