// !$*UTF8*$!
{
	archiveVersion = 1;
	classes = {
	};
	objectVersion = 50;
	objects = {

/* Begin PBXBuildFile section */
		F88C04D9216D4C66003E1B9C /* NewAlarmViewController.swift in Sources */ = {isa = PBXBuildFile; fileRef = F88C04D8216D4C66003E1B9C /* NewAlarmViewController.swift */; };
		F88C04DB216D5413003E1B9C /* EditAlarmViewController.swift in Sources */ = {isa = PBXBuildFile; fileRef = F88C04DA216D5413003E1B9C /* EditAlarmViewController.swift */; };
		F8A199BD214C79CB0082699D /* AppDelegate.swift in Sources */ = {isa = PBXBuildFile; fileRef = F8A199BC214C79CB0082699D /* AppDelegate.swift */; };
		F8A199BF214C79CB0082699D /* ViewController.swift in Sources */ = {isa = PBXBuildFile; fileRef = F8A199BE214C79CB0082699D /* ViewController.swift */; };
		F8A199C2214C79CB0082699D /* Main.storyboard in Resources */ = {isa = PBXBuildFile; fileRef = F8A199C0214C79CB0082699D /* Main.storyboard */; };
		F8A199C4214C79CC0082699D /* Assets.xcassets in Resources */ = {isa = PBXBuildFile; fileRef = F8A199C3214C79CC0082699D /* Assets.xcassets */; };
		F8A199C7214C79CC0082699D /* LaunchScreen.storyboard in Resources */ = {isa = PBXBuildFile; fileRef = F8A199C5214C79CC0082699D /* LaunchScreen.storyboard */; };
		F8A5C073216823C000FC8914 /* AlarmListTableViewController.swift in Sources */ = {isa = PBXBuildFile; fileRef = F8A5C072216823C000FC8914 /* AlarmListTableViewController.swift */; };
/* End PBXBuildFile section */

/* Begin PBXFileReference section */
		F88C04D8216D4C66003E1B9C /* NewAlarmViewController.swift */ = {isa = PBXFileReference; lastKnownFileType = sourcecode.swift; path = NewAlarmViewController.swift; sourceTree = "<group>"; };
		F88C04DA216D5413003E1B9C /* EditAlarmViewController.swift */ = {isa = PBXFileReference; lastKnownFileType = sourcecode.swift; path = EditAlarmViewController.swift; sourceTree = "<group>"; };
		F8A199B9214C79CB0082699D /* alarm-youtube.app */ = {isa = PBXFileReference; explicitFileType = wrapper.application; includeInIndex = 0; path = "alarm-youtube.app"; sourceTree = BUILT_PRODUCTS_DIR; };
		F8A199BC214C79CB0082699D /* AppDelegate.swift */ = {isa = PBXFileReference; lastKnownFileType = sourcecode.swift; path = AppDelegate.swift; sourceTree = "<group>"; };
		F8A199BE214C79CB0082699D /* ViewController.swift */ = {isa = PBXFileReference; lastKnownFileType = sourcecode.swift; path = ViewController.swift; sourceTree = "<group>"; };
		F8A199C1214C79CB0082699D /* Base */ = {isa = PBXFileReference; lastKnownFileType = file.storyboard; name = Base; path = Base.lproj/Main.storyboard; sourceTree = "<group>"; };
		F8A199C3214C79CC0082699D /* Assets.xcassets */ = {isa = PBXFileReference; lastKnownFileType = folder.assetcatalog; path = Assets.xcassets; sourceTree = "<group>"; };
		F8A199C6214C79CC0082699D /* Base */ = {isa = PBXFileReference; lastKnownFileType = file.storyboard; name = Base; path = Base.lproj/LaunchScreen.storyboard; sourceTree = "<group>"; };
		F8A199C8214C79CC0082699D /* Info.plist */ = {isa = PBXFileReference; lastKnownFileType = text.plist.xml; path = Info.plist; sourceTree = "<group>"; };
		F8A199CF2152B5DE0082699D /* JSONVideosData.geojson */ = {isa = PBXFileReference; lastKnownFileType = text; path = JSONVideosData.geojson; sourceTree = "<group>"; };
		F8A5C072216823C000FC8914 /* AlarmListTableViewController.swift */ = {isa = PBXFileReference; lastKnownFileType = sourcecode.swift; path = AlarmListTableViewController.swift; sourceTree = "<group>"; };
/* End PBXFileReference section */

/* Begin PBXFrameworksBuildPhase section */
		F8A199B6214C79CB0082699D /* Frameworks */ = {
			isa = PBXFrameworksBuildPhase;
			buildActionMask = 2147483647;
			files = (
			);
			runOnlyForDeploymentPostprocessing = 0;
		};
/* End PBXFrameworksBuildPhase section */

/* Begin PBXGroup section */
		F8A199B0214C79CB0082699D = {
			isa = PBXGroup;
			children = (
				F8A199BB214C79CB0082699D /* alarm-youtube */,
				F8A199BA214C79CB0082699D /* Products */,
			);
			sourceTree = "<group>";
		};
		F8A199BA214C79CB0082699D /* Products */ = {
			isa = PBXGroup;
			children = (
				F8A199B9214C79CB0082699D /* alarm-youtube.app */,
			);
			name = Products;
			sourceTree = "<group>";
		};
		F8A199BB214C79CB0082699D /* alarm-youtube */ = {
			isa = PBXGroup;
			children = (
				F8A199CE214C79E80082699D /* SupportingFiles */,
				F8A199BE214C79CB0082699D /* ViewController.swift */,
				F8A199C0214C79CB0082699D /* Main.storyboard */,
				F8A199C8214C79CC0082699D /* Info.plist */,
				F8A199CF2152B5DE0082699D /* JSONVideosData.geojson */,
				F8A5C072216823C000FC8914 /* AlarmListTableViewController.swift */,
				F88C04D8216D4C66003E1B9C /* NewAlarmViewController.swift */,
				F88C04DA216D5413003E1B9C /* EditAlarmViewController.swift */,
			);
			path = "alarm-youtube";
			sourceTree = "<group>";
		};
		F8A199CE214C79E80082699D /* SupportingFiles */ = {
			isa = PBXGroup;
			children = (
				F8A199BC214C79CB0082699D /* AppDelegate.swift */,
				F8A199C3214C79CC0082699D /* Assets.xcassets */,
				F8A199C5214C79CC0082699D /* LaunchScreen.storyboard */,
			);
			path = SupportingFiles;
			sourceTree = "<group>";
		};
/* End PBXGroup section */

/* Begin PBXNativeTarget section */
		F8A199B8214C79CB0082699D /* alarm-youtube */ = {
			isa = PBXNativeTarget;
			buildConfigurationList = F8A199CB214C79CC0082699D /* Build configuration list for PBXNativeTarget "alarm-youtube" */;
			buildPhases = (
				F8A199B5214C79CB0082699D /* Sources */,
				F8A199B6214C79CB0082699D /* Frameworks */,
				F8A199B7214C79CB0082699D /* Resources */,
			);
			buildRules = (
			);
			dependencies = (
			);
			name = "alarm-youtube";
			productName = "alarm-youtube";
			productReference = F8A199B9214C79CB0082699D /* alarm-youtube.app */;
			productType = "com.apple.product-type.application";
		};
/* End PBXNativeTarget section */

/* Begin PBXProject section */
		F8A199B1214C79CB0082699D /* Project object */ = {
			isa = PBXProject;
			attributes = {
				LastSwiftUpdateCheck = 0940;
				LastUpgradeCheck = 0940;
				ORGANIZATIONNAME = UCLAExtension;
				TargetAttributes = {
					F8A199B8214C79CB0082699D = {
						CreatedOnToolsVersion = 9.4.1;
					};
				};
			};
			buildConfigurationList = F8A199B4214C79CB0082699D /* Build configuration list for PBXProject "alarm-youtube" */;
			compatibilityVersion = "Xcode 9.3";
			developmentRegion = en;
			hasScannedForEncodings = 0;
			knownRegions = (
				en,
				Base,
			);
			mainGroup = F8A199B0214C79CB0082699D;
			productRefGroup = F8A199BA214C79CB0082699D /* Products */;
			projectDirPath = "";
			projectRoot = "";
			targets = (
				F8A199B8214C79CB0082699D /* alarm-youtube */,
			);
		};
/* End PBXProject section */

/* Begin PBXResourcesBuildPhase section */
		F8A199B7214C79CB0082699D /* Resources */ = {
			isa = PBXResourcesBuildPhase;
			buildActionMask = 2147483647;
			files = (
				F8A199C7214C79CC0082699D /* LaunchScreen.storyboard in Resources */,
				F8A199C4214C79CC0082699D /* Assets.xcassets in Resources */,
				F8A199C2214C79CB0082699D /* Main.storyboard in Resources */,
			);
			runOnlyForDeploymentPostprocessing = 0;
		};
/* End PBXResourcesBuildPhase section */

/* Begin PBXSourcesBuildPhase section */
		F8A199B5214C79CB0082699D /* Sources */ = {
			isa = PBXSourcesBuildPhase;
			buildActionMask = 2147483647;
			files = (
				F88C04DB216D5413003E1B9C /* EditAlarmViewController.swift in Sources */,
				F8A199BF214C79CB0082699D /* ViewController.swift in Sources */,
				F88C04D9216D4C66003E1B9C /* NewAlarmViewController.swift in Sources */,
				F8A5C073216823C000FC8914 /* AlarmListTableViewController.swift in Sources */,
				F8A199BD214C79CB0082699D /* AppDelegate.swift in Sources */,
			);
			runOnlyForDeploymentPostprocessing = 0;
		};
/* End PBXSourcesBuildPhase section */

/* Begin PBXVariantGroup section */
		F8A199C0214C79CB0082699D /* Main.storyboard */ = {
			isa = PBXVariantGroup;
			children = (
				F8A199C1214C79CB0082699D /* Base */,
			);
			name = Main.storyboard;
			sourceTree = "<group>";
		};
		F8A199C5214C79CC0082699D /* LaunchScreen.storyboard */ = {
			isa = PBXVariantGroup;
			children = (
				F8A199C6214C79CC0082699D /* Base */,
			);
			name = LaunchScreen.storyboard;
			sourceTree = "<group>";
		};
/* End PBXVariantGroup section */

/* Begin XCBuildConfiguration section */
		F8A199C9214C79CC0082699D /* Debug */ = {
			isa = XCBuildConfiguration;
			buildSettings = {
				ALWAYS_SEARCH_USER_PATHS = NO;
				CLANG_ANALYZER_NONNULL = YES;
				CLANG_ANALYZER_NUMBER_OBJECT_CONVERSION = YES_AGGRESSIVE;
				CLANG_CXX_LANGUAGE_STANDARD = "gnu++14";
				CLANG_CXX_LIBRARY = "libc++";
				CLANG_ENABLE_MODULES = YES;
				CLANG_ENABLE_OBJC_ARC = YES;
				CLANG_ENABLE_OBJC_WEAK = YES;
				CLANG_WARN_BLOCK_CAPTURE_AUTORELEASING = YES;
				CLANG_WARN_BOOL_CONVERSION = YES;
				CLANG_WARN_COMMA = YES;
				CLANG_WARN_CONSTANT_CONVERSION = YES;
				CLANG_WARN_DEPRECATED_OBJC_IMPLEMENTATIONS = YES;
				CLANG_WARN_DIRECT_OBJC_ISA_USAGE = YES_ERROR;
				CLANG_WARN_DOCUMENTATION_COMMENTS = YES;
				CLANG_WARN_EMPTY_BODY = YES;
				CLANG_WARN_ENUM_CONVERSION = YES;
				CLANG_WARN_INFINITE_RECURSION = YES;
				CLANG_WARN_INT_CONVERSION = YES;
				CLANG_WARN_NON_LITERAL_NULL_CONVERSION = YES;
				CLANG_WARN_OBJC_IMPLICIT_RETAIN_SELF = YES;
				CLANG_WARN_OBJC_LITERAL_CONVERSION = YES;
				CLANG_WARN_OBJC_ROOT_CLASS = YES_ERROR;
				CLANG_WARN_RANGE_LOOP_ANALYSIS = YES;
				CLANG_WARN_STRICT_PROTOTYPES = YES;
				CLANG_WARN_SUSPICIOUS_MOVE = YES;
				CLANG_WARN_UNGUARDED_AVAILABILITY = YES_AGGRESSIVE;
				CLANG_WARN_UNREACHABLE_CODE = YES;
				CLANG_WARN__DUPLICATE_METHOD_MATCH = YES;
				CODE_SIGN_IDENTITY = "iPhone Developer";
				COPY_PHASE_STRIP = NO;
				DEBUG_INFORMATION_FORMAT = dwarf;
				ENABLE_STRICT_OBJC_MSGSEND = YES;
				ENABLE_TESTABILITY = YES;
				GCC_C_LANGUAGE_STANDARD = gnu11;
				GCC_DYNAMIC_NO_PIC = NO;
				GCC_NO_COMMON_BLOCKS = YES;
				GCC_OPTIMIZATION_LEVEL = 0;
				GCC_PREPROCESSOR_DEFINITIONS = (
					"DEBUG=1",
					"$(inherited)",
				);
				GCC_WARN_64_TO_32_BIT_CONVERSION = YES;
				GCC_WARN_ABOUT_RETURN_TYPE = YES_ERROR;
				GCC_WARN_UNDECLARED_SELECTOR = YES;
				GCC_WARN_UNINITIALIZED_AUTOS = YES_AGGRESSIVE;
				GCC_WARN_UNUSED_FUNCTION = YES;
				GCC_WARN_UNUSED_VARIABLE = YES;
				IPHONEOS_DEPLOYMENT_TARGET = 11.4;
				MTL_ENABLE_DEBUG_INFO = YES;
				ONLY_ACTIVE_ARCH = YES;
				SDKROOT = iphoneos;
				SWIFT_ACTIVE_COMPILATION_CONDITIONS = DEBUG;
				SWIFT_OPTIMIZATION_LEVEL = "-Onone";
			};
			name = Debug;
		};
		F8A199CA214C79CC0082699D /* Release */ = {
			isa = XCBuildConfiguration;
			buildSettings = {
				ALWAYS_SEARCH_USER_PATHS = NO;
				CLANG_ANALYZER_NONNULL = YES;
				CLANG_ANALYZER_NUMBER_OBJECT_CONVERSION = YES_AGGRESSIVE;
				CLANG_CXX_LANGUAGE_STANDARD = "gnu++14";
				CLANG_CXX_LIBRARY = "libc++";
				CLANG_ENABLE_MODULES = YES;
				CLANG_ENABLE_OBJC_ARC = YES;
				CLANG_ENABLE_OBJC_WEAK = YES;
				CLANG_WARN_BLOCK_CAPTURE_AUTORELEASING = YES;
				CLANG_WARN_BOOL_CONVERSION = YES;
				CLANG_WARN_COMMA = YES;
				CLANG_WARN_CONSTANT_CONVERSION = YES;
				CLANG_WARN_DEPRECATED_OBJC_IMPLEMENTATIONS = YES;
				CLANG_WARN_DIRECT_OBJC_ISA_USAGE = YES_ERROR;
				CLANG_WARN_DOCUMENTATION_COMMENTS = YES;
				CLANG_WARN_EMPTY_BODY = YES;
				CLANG_WARN_ENUM_CONVERSION = YES;
				CLANG_WARN_INFINITE_RECURSION = YES;
				CLANG_WARN_INT_CONVERSION = YES;
				CLANG_WARN_NON_LITERAL_NULL_CONVERSION = YES;
				CLANG_WARN_OBJC_IMPLICIT_RETAIN_SELF = YES;
				CLANG_WARN_OBJC_LITERAL_CONVERSION = YES;
				CLANG_WARN_OBJC_ROOT_CLASS = YES_ERROR;
				CLANG_WARN_RANGE_LOOP_ANALYSIS = YES;
				CLANG_WARN_STRICT_PROTOTYPES = YES;
				CLANG_WARN_SUSPICIOUS_MOVE = YES;
				CLANG_WARN_UNGUARDED_AVAILABILITY = YES_AGGRESSIVE;
				CLANG_WARN_UNREACHABLE_CODE = YES;
				CLANG_WARN__DUPLICATE_METHOD_MATCH = YES;
				CODE_SIGN_IDENTITY = "iPhone Developer";
				COPY_PHASE_STRIP = NO;
				DEBUG_INFORMATION_FORMAT = "dwarf-with-dsym";
				ENABLE_NS_ASSERTIONS = NO;
				ENABLE_STRICT_OBJC_MSGSEND = YES;
				GCC_C_LANGUAGE_STANDARD = gnu11;
				GCC_NO_COMMON_BLOCKS = YES;
				GCC_WARN_64_TO_32_BIT_CONVERSION = YES;
				GCC_WARN_ABOUT_RETURN_TYPE = YES_ERROR;
				GCC_WARN_UNDECLARED_SELECTOR = YES;
				GCC_WARN_UNINITIALIZED_AUTOS = YES_AGGRESSIVE;
				GCC_WARN_UNUSED_FUNCTION = YES;
				GCC_WARN_UNUSED_VARIABLE = YES;
				IPHONEOS_DEPLOYMENT_TARGET = 11.4;
				MTL_ENABLE_DEBUG_INFO = NO;
				SDKROOT = iphoneos;
				SWIFT_COMPILATION_MODE = wholemodule;
				SWIFT_OPTIMIZATION_LEVEL = "-O";
				VALIDATE_PRODUCT = YES;
			};
			name = Release;
		};
		F8A199CC214C79CC0082699D /* Debug */ = {
			isa = XCBuildConfiguration;
			buildSettings = {
				ASSETCATALOG_COMPILER_APPICON_NAME = AppIcon;
				CODE_SIGN_STYLE = Automatic;
				DEVELOPMENT_TEAM = TP8XLB55NP;
				INFOPLIST_FILE = "alarm-youtube/Info.plist";
				LD_RUNPATH_SEARCH_PATHS = (
					"$(inherited)",
					"@executable_path/Frameworks",
				);
				PRODUCT_BUNDLE_IDENTIFIER = "com.uclaextension.anto004.alarm-youtube";
				PRODUCT_NAME = "$(TARGET_NAME)";
				SWIFT_VERSION = 4.0;
				TARGETED_DEVICE_FAMILY = "1,2";
			};
			name = Debug;
		};
		F8A199CD214C79CC0082699D /* Release */ = {
			isa = XCBuildConfiguration;
			buildSettings = {
				ASSETCATALOG_COMPILER_APPICON_NAME = AppIcon;
				CODE_SIGN_STYLE = Automatic;
				DEVELOPMENT_TEAM = TP8XLB55NP;
				INFOPLIST_FILE = "alarm-youtube/Info.plist";
				LD_RUNPATH_SEARCH_PATHS = (
					"$(inherited)",
					"@executable_path/Frameworks",
				);
				PRODUCT_BUNDLE_IDENTIFIER = "com.uclaextension.anto004.alarm-youtube";
				PRODUCT_NAME = "$(TARGET_NAME)";
				SWIFT_VERSION = 4.0;
				TARGETED_DEVICE_FAMILY = "1,2";
			};
			name = Release;
		};
/* End XCBuildConfiguration section */

/* Begin XCConfigurationList section */
		F8A199B4214C79CB0082699D /* Build configuration list for PBXProject "alarm-youtube" */ = {
			isa = XCConfigurationList;
			buildConfigurations = (
				F8A199C9214C79CC0082699D /* Debug */,
				F8A199CA214C79CC0082699D /* Release */,
			);
			defaultConfigurationIsVisible = 0;
			defaultConfigurationName = Release;
		};
		F8A199CB214C79CC0082699D /* Build configuration list for PBXNativeTarget "alarm-youtube" */ = {
			isa = XCConfigurationList;
			buildConfigurations = (
				F8A199CC214C79CC0082699D /* Debug */,
				F8A199CD214C79CC0082699D /* Release */,
			);
			defaultConfigurationIsVisible = 0;
			defaultConfigurationName = Release;
		};
/* End XCConfigurationList section */
	};
	rootObject = F8A199B1214C79CB0082699D /* Project object */;
}
